{
  "name": "datadog-ci",
  "version": "1.0.0",
  "lockfileVersion": 3,
  "requires": true,
  "packages": {
    "": {
      "name": "datadog-ci",
      "version": "1.0.0",
      "dependencies": {
        "@datadog/datadog-ci": "5.17.0"
      }
    },
    "node_modules/@datadog/datadog-ci": {
      "version": "5.17.0",
      "resolved": "https://registry.npmjs.org/@datadog/datadog-ci/-/datadog-ci-5.17.0.tgz",
      "integrity": "sha512-Orwju9h/kLQnuNr7VoHW/JABbKsK8/Lhh8zDacjR1CqwJBmgwejgmcL3ut9/Vbi6hC5KYlgXybeeMpsdJEWvQQ==",
      "license": "Apache-2.0",
      "bin": {
        "datadog-ci": "dist/bundle.js"
      },
      "engines": {
        "node": ">=20"
      }
    }
  }
}
