# THIS IS AN AUTOGENERATED FILE. DO NOT EDIT THIS FILE DIRECTLY.
# yarn lockfile v1


"@datadog/datadog-ci@5.16.0":
  version "5.16.0"
  resolved "https://registry.npmjs.org/@datadog/datadog-ci/-/datadog-ci-5.16.0.tgz#54c40e97ff0ba14d661beaec4f8efec1808b8bbe"
  integrity sha512-0ykDASeq6cM9LAZibf/n8VxyVYLFGSCGmepuY0tLzcFHZuob2hszN++C8R91afW3cOTy/fKWHdDADFKv4qD1RQ==
