# THIS IS AN AUTOGENERATED FILE. DO NOT EDIT THIS FILE DIRECTLY.
# yarn lockfile v1


"@azure/functions@^4.6.0":
  version "4.6.0"
  resolved "https://registry.npmjs.org/@azure/functions/-/functions-4.6.0.tgz"
  integrity sha512-vGq9jXlgrJ3KaI8bepgfpk26zVY8vFZsQukF85qjjKTAR90eFOOBNaa+mc/0ViDY2lcdrU2fL/o1pQyZUtTDsw==
  dependencies:
    cookie "^0.7.0"
    long "^4.0.0"
    undici "^5.13.0"

"@fastify/busboy@^2.0.0":
  version "2.1.1"
  resolved "https://registry.npmjs.org/@fastify/busboy/-/busboy-2.1.1.tgz"
  integrity sha512-vBZP4NlzfOlerQTnba4aqZoMhE/a9HY7HRqoOPaETQcSQuWEIyZMHGfVu6w9wGtGK5fED5qRs2DteVCjOH60sA==

"@types/color-name@^1.1.1":
  version "1.1.1"
  resolved "https://registry.npmjs.org/@types/color-name/-/color-name-1.1.1.tgz"
  integrity sha512-rr+OQyAjxze7GgWrSaJwydHStIhHq2lvY3BOC2Mj7KnzI7XK0Uw1TOOdI9lDoajEbSWLiYgoo4f1R51erQfhPQ==

"@types/node@*":
  version "18.15.13"
  resolved "https://registry.npmjs.org/@types/node/-/node-18.15.13.tgz"
  integrity sha512-N+0kuo9KgrUQ1Sn/ifDXsvg0TTleP7rIy4zOBGECxAljqvqfqpTfzx0Q1NUedOixRMBfe2Whhb056a42cWs26Q==

"@types/yauzl@^2.9.1":
  version "2.10.0"
  resolved "https://registry.npmjs.org/@types/yauzl/-/yauzl-2.10.0.tgz"
  integrity sha512-Cn6WYCm0tXv8p6k+A8PvbDG763EDpBoTzHdA+Q/MF6H3sapGjCm9NzoaJncJS9tUKSuCoDs9XHxYYsQDgxR6kw==
  dependencies:
    "@types/node" "*"

agent-base@6:
  version "6.0.2"
  resolved "https://registry.npmjs.org/agent-base/-/agent-base-6.0.2.tgz"
  integrity sha512-RZNwNclF7+MS/8bDg70amg32dyeZGZxiDuQmZxKLAlQjr3jGyLx+4Kkk58UO7D2QdgFIQCovuSuZESne6RG6XQ==
  dependencies:
    debug "4"

ansi-styles@^4.1.0:
  version "4.2.0"
  resolved "https://registry.npmjs.org/ansi-styles/-/ansi-styles-4.2.0.tgz"
  integrity sha512-7kFQgnEaMdRtwf6uSfUnVr9gSGC7faurn+J/Mv90/W+iTtN0405/nLdopfMWwchyxhbGYl6TC4Sccn9TUkGAgg==
  dependencies:
    "@types/color-name" "^1.1.1"
    color-convert "^2.0.1"

azure-functions-core-tools@^4.x:
  version "4.0.6280"
  resolved "https://registry.npmjs.org/azure-functions-core-tools/-/azure-functions-core-tools-4.0.6280.tgz"
  integrity sha512-DVSgYNnT4POLbj/YV3FKtNdo9KT/M5Dl//slWEmVwZo1y4aJEsUApn6DtkZswut76I3S9eKGC5IaC84j5OGNaA==
  dependencies:
    chalk "3.0.0"
    extract-zip "^2.0.1"
    https-proxy-agent "5.0.0"
    progress "2.0.3"
    rimraf "4.4.1"

balanced-match@^1.0.0:
  version "1.0.0"
  resolved "https://registry.npmjs.org/balanced-match/-/balanced-match-1.0.0.tgz"
  integrity sha1-ibTRmasr7kneFk6gK4nORi1xt2c=

brace-expansion@^1.1.7:
  version "1.1.11"
  resolved "https://registry.npmjs.org/brace-expansion/-/brace-expansion-1.1.11.tgz"
  integrity sha512-iCuPHDFgrHX7H2vEI/5xpz07zSHB00TpugqhmYtVmMO6518mCuRMoOYFldEBl0g187ufozdaHgWKcYFb61qGiA==
  dependencies:
    balanced-match "^1.0.0"
    concat-map "0.0.1"

buffer-crc32@~0.2.3:
  version "0.2.13"
  resolved "https://registry.npmjs.org/buffer-crc32/-/buffer-crc32-0.2.13.tgz"
  integrity sha512-VO9Ht/+p3SN7SKWqcrgEzjGbRSJYTx+Q1pTQC0wrWqHx0vpJraQ6GtHx8tvcg1rlK1byhU5gccxgOgj7B0TDkQ==

chalk@3.0.0:
  version "3.0.0"
  resolved "https://registry.npmjs.org/chalk/-/chalk-3.0.0.tgz"
  integrity sha512-4D3B6Wf41KOYRFdszmDqMCGq5VV/uMAB273JILmO+3jAlh8X4qDtdtgCR3fxtbLEMzSx22QdhnDcJvu2u1fVwg==
  dependencies:
    ansi-styles "^4.1.0"
    supports-color "^7.1.0"

color-convert@^2.0.1:
  version "2.0.1"
  resolved "https://registry.npmjs.org/color-convert/-/color-convert-2.0.1.tgz"
  integrity sha512-RRECPsj7iu/xb5oKYcsFHSppFNnsj/52OVTRKb4zP5onXwVF3zVmmToNcOfGC+CRDpfK/U584fMg38ZHCaElKQ==
  dependencies:
    color-name "~1.1.4"

color-name@~1.1.4:
  version "1.1.4"
  resolved "https://registry.npmjs.org/color-name/-/color-name-1.1.4.tgz"
  integrity sha512-dOy+3AuW3a2wNbZHIuMZpTcgjGuLU/uBL/ubcZF9OXbDo8ff4O8yVp5Bf0efS8uEoYo5q4Fx7dY9OgQGXgAsQA==

concat-map@0.0.1:
  version "0.0.1"
  resolved "https://registry.npmjs.org/concat-map/-/concat-map-0.0.1.tgz"
  integrity sha1-2Klr13/Wjfd5OnMDajug1UBdR3s=

cookie@^0.7.0:
  version "0.7.2"
  resolved "https://registry.npmjs.org/cookie/-/cookie-0.7.2.tgz"
  integrity sha512-yki5XnKuf750l50uGTllt6kKILY4nQ1eNIQatoXEByZ5dWgnKqbnqmTrBE5B4N7lrMJKQ2ytWMiTO2o0v6Ew/w==

debug@^4.1.1, debug@4:
  version "4.1.1"
  resolved "https://registry.npmjs.org/debug/-/debug-4.1.1.tgz"
  integrity sha512-pYAIzeRo8J6KPEaJ0VWOh5Pzkbw/RetuzehGM7QRRX5he4fPHx2rdKMB256ehJCkX+XRQm16eZLqLNS8RSZXZw==
  dependencies:
    ms "^2.1.1"

end-of-stream@^1.1.0:
  version "1.4.4"
  resolved "https://registry.npmjs.org/end-of-stream/-/end-of-stream-1.4.4.tgz"
  integrity sha512-+uw1inIHVPQoaVuHzRyXd21icM+cnt4CzD5rW+NC1wjOUSTOs+Te7FOv7AhN7vS9x/oIyhLP5PR1H+phQAHu5Q==
  dependencies:
    once "^1.4.0"

extract-zip@^2.0.1:
  version "2.0.1"
  resolved "https://registry.npmjs.org/extract-zip/-/extract-zip-2.0.1.tgz"
  integrity sha512-GDhU9ntwuKyGXdZBUgTIe+vXnWj0fppUEtMDL0+idd5Sta8TGpHssn/eusA9mrPr9qNDym6SxAYZjNvCn/9RBg==
  dependencies:
    debug "^4.1.1"
    get-stream "^5.1.0"
    yauzl "^2.10.0"
  optionalDependencies:
    "@types/yauzl" "^2.9.1"

fd-slicer@~1.1.0:
  version "1.1.0"
  resolved "https://registry.npmjs.org/fd-slicer/-/fd-slicer-1.1.0.tgz"
  integrity sha512-cE1qsB/VwyQozZ+q1dGxR8LBYNZeofhEdUNGSMbQD3Gw2lAzX9Zb3uIU6Ebc/Fmyjo9AWWfnn0AUCHqtevs/8g==
  dependencies:
    pend "~1.2.0"

fs.realpath@^1.0.0:
  version "1.0.0"
  resolved "https://registry.npmjs.org/fs.realpath/-/fs.realpath-1.0.0.tgz"
  integrity sha1-FQStJSMVjKpA20onh8sBQRmU6k8=

get-stream@^5.1.0:
  version "5.2.0"
  resolved "https://registry.npmjs.org/get-stream/-/get-stream-5.2.0.tgz"
  integrity sha512-nBF+F1rAZVCu/p7rjzgA+Yb4lfYXrpl7a6VmJrU8wF9I1CKvP/QwPNZHnOlwbTkY6dvtFIzFMSyQXbLoTQPRpA==
  dependencies:
    pump "^3.0.0"

glob@^7.1.3:
  version "7.1.6"
  resolved "https://registry.npmjs.org/glob/-/glob-7.1.6.tgz"
  integrity sha512-LwaxwyZ72Lk7vZINtNNrywX0ZuLyStrdDtabefZKAY5ZGJhVtgdznluResxNmPitE0SAO+O26sWTHeKSI2wMBA==
  dependencies:
    fs.realpath "^1.0.0"
    inflight "^1.0.4"
    inherits "2"
    minimatch "^3.0.4"
    once "^1.3.0"
    path-is-absolute "^1.0.0"

has-flag@^4.0.0:
  version "4.0.0"
  resolved "https://registry.npmjs.org/has-flag/-/has-flag-4.0.0.tgz"
  integrity sha512-EykJT/Q1KjTWctppgIAgfSO0tKVuZUjhgMr17kqTumMl6Afv3EISleU7qZUzoXDFTAHTDC4NOoG/ZxU3EvlMPQ==

https-proxy-agent@5.0.0:
  version "5.0.0"
  resolved "https://registry.npmjs.org/https-proxy-agent/-/https-proxy-agent-5.0.0.tgz"
  integrity sha512-EkYm5BcKUGiduxzSt3Eppko+PiNWNEpa4ySk9vTC6wDsQJW9rHSa+UhGNJoRYp7bz6Ht1eaRIa6QaJqO5rCFbA==
  dependencies:
    agent-base "6"
    debug "4"

inflight@^1.0.4:
  version "1.0.6"
  resolved "https://registry.npmjs.org/inflight/-/inflight-1.0.6.tgz"
  integrity sha1-Sb1jMdfQLQwJvJEKEHW6gWW1bfk=
  dependencies:
    once "^1.3.0"
    wrappy "1"

inherits@2:
  version "2.0.4"
  resolved "https://registry.npmjs.org/inherits/-/inherits-2.0.4.tgz"
  integrity sha512-k/vGaX4/Yla3WzyMCvTQOXYeIHvqOKtnqBduzTHpzpQZzAskKMhZ2K+EnBiSM9zGSoIFeMpXKxa4dYeZIQqewQ==

long@^4.0.0:
  version "4.0.0"
  resolved "https://registry.npmjs.org/long/-/long-4.0.0.tgz"
  integrity sha512-XsP+KhQif4bjX1kbuSiySJFNAehNxgLb6hPRGJ9QsUr8ajHkuXGdrHmFUTUUXhDwVX2R5bY4JNZEwbUiMhV+MA==

minimatch@^3.0.4:
  version "3.1.2"
  resolved "https://registry.npmjs.org/minimatch/-/minimatch-3.1.2.tgz"
  integrity sha512-J7p63hRiAjw1NDEww1W7i37+ByIrOWO5XQQAzZ3VOcL0PNybwpfmV/N05zFAzwQ9USyEcX6t3UO+K5aqBQOIHw==
  dependencies:
    brace-expansion "^1.1.7"

ms@^2.1.1:
  version "2.1.2"
  resolved "https://registry.npmjs.org/ms/-/ms-2.1.2.tgz"
  integrity sha512-sGkPx+VjMtmA6MX27oA4FBFELFCZZ4S4XqeGOXCv68tT+jb3vk/RyaKWP0PTKyWtmLSM0b+adUTEvbs1PEaH2w==

once@^1.3.0, once@^1.3.1, once@^1.4.0:
  version "1.4.0"
  resolved "https://registry.npmjs.org/once/-/once-1.4.0.tgz"
  integrity sha1-WDsap3WWHUsROsF9nFC6753Xa9E=
  dependencies:
    wrappy "1"

path-is-absolute@^1.0.0:
  version "1.0.1"
  resolved "https://registry.npmjs.org/path-is-absolute/-/path-is-absolute-1.0.1.tgz"
  integrity sha1-F0uSaHNVNP+8es5r9TpanhtcX18=

pend@~1.2.0:
  version "1.2.0"
  resolved "https://registry.npmjs.org/pend/-/pend-1.2.0.tgz"
  integrity sha512-F3asv42UuXchdzt+xXqfW1OGlVBe+mxa2mqI0pg5yAHZPvFmY3Y6drSf/GQ1A86WgWEN9Kzh/WrgKa6iGcHXLg==

progress@2.0.3:
  version "2.0.3"
  resolved "https://registry.npmjs.org/progress/-/progress-2.0.3.tgz"
  integrity sha512-7PiHtLll5LdnKIMw100I+8xJXR5gW2QwWYkT6iJva0bXitZKa/XMrSbdmg3r2Xnaidz9Qumd0VPaMrZlF9V9sA==

pump@^3.0.0:
  version "3.0.0"
  resolved "https://registry.npmjs.org/pump/-/pump-3.0.0.tgz"
  integrity sha512-LwZy+p3SFs1Pytd/jYct4wpv49HiYCqd9Rlc5ZVdk0V+8Yzv6jR5Blk3TRmPL1ft69TxP0IMZGJ+WPFU2BFhww==
  dependencies:
    end-of-stream "^1.1.0"
    once "^1.3.1"

rimraf@4.4.1:
  version "3.0.2"
  resolved "https://registry.npmjs.org/rimraf/-/rimraf-3.0.2.tgz"
  integrity sha512-JZkJMZkAGFFPP2YqXZXPbMlMBgsxzE8ILs4lMIX/2o0L9UBw9O/Y3o6wFw/i9YLapcUJWwqbi3kdxIPdC62TIA==
  dependencies:
    glob "^7.1.3"

supports-color@^7.1.0:
  version "7.1.0"
  resolved "https://registry.npmjs.org/supports-color/-/supports-color-7.1.0.tgz"
  integrity sha512-oRSIpR8pxT1Wr2FquTNnGet79b3BWljqOuoW/h4oBhxJ/HUbX5nX6JSruTkvXDCFMwDPvsaTTbvMLKZWSy0R5g==
  dependencies:
    has-flag "^4.0.0"

undici@^5.13.0:
  version "5.28.4"
  resolved "https://registry.npmjs.org/undici/-/undici-5.28.4.tgz"
  integrity sha512-72RFADWFqKmUb2hmmvNODKL3p9hcB6Gt2DOQMis1SEBaV6a4MH8soBvzg+95CYhCKPFedut2JY9bMfrDl9D23g==
  dependencies:
    "@fastify/busboy" "^2.0.0"

wrappy@1:
  version "1.0.2"
  resolved "https://registry.npmjs.org/wrappy/-/wrappy-1.0.2.tgz"
  integrity sha1-tSQ9jz7BqjXxNkYFvA0QNuMKtp8=

yauzl@^2.10.0:
  version "2.10.0"
  resolved "https://registry.npmjs.org/yauzl/-/yauzl-2.10.0.tgz"
  integrity sha512-p4a9I6X6nu6IhoGmBqAcbJy1mlC4j27vEPZX9F4L4/vZT3Lyq1VkFHw/V/PUcB9Buo+DG3iHkT0x3Qya58zc3g==
  dependencies:
    buffer-crc32 "~0.2.3"
    fd-slicer "~1.1.0"
