# THIS IS AN AUTOGENERATED FILE. DO NOT EDIT THIS FILE DIRECTLY.
# yarn lockfile v1


"@aws-crypto/sha256-js@5.2.0":
  version "5.2.0"
  resolved "https://registry.yarnpkg.com/@aws-crypto/sha256-js/-/sha256-js-5.2.0.tgz#c4fdb773fdbed9a664fc1a95724e206cf3860042"
  integrity sha512-FFQQyu7edu4ufvIZ+OadFpHHOt+eSTBaYaki44c+akjg7qZg9oOQeLlk77F6tSYqjDAFClrHJk9tMf0HdVyOvA==
  dependencies:
    "@aws-crypto/util" "^5.2.0"
    "@aws-sdk/types" "^3.222.0"
    tslib "^2.6.2"

"@aws-crypto/util@^5.2.0":
  version "5.2.0"
  resolved "https://registry.yarnpkg.com/@aws-crypto/util/-/util-5.2.0.tgz#71284c9cffe7927ddadac793c14f14886d3876da"
  integrity sha512-4RkU9EsI6ZpBve5fseQlGNUWKMa1RLPQ1dnjnQoe07ldfIzcsGb5hC5W0Dm7u423KWzawlrpbjXBrXCEv9zazQ==
  dependencies:
    "@aws-sdk/types" "^3.222.0"
    "@smithy/util-utf8" "^2.0.0"
    tslib "^2.6.2"

"@aws-sdk/types@3.965.0":
  version "3.965.0"
  resolved "https://registry.yarnpkg.com/@aws-sdk/types/-/types-3.965.0.tgz#629f4d729cfc9c60047da912d450aa0b76e3afb9"
  integrity sha512-jvodoJdMavvg8faN7co58vVJRO5MVep4JFPRzUNCzpJ98BDqWDk/ad045aMJcmxkLzYLS2UAnUmqjJ/tUPNlzQ==
  dependencies:
    "@smithy/types" "^4.11.0"
    tslib "^2.6.2"

"@aws-sdk/types@^3.222.0":
  version "3.974.6"
  resolved "https://registry.yarnpkg.com/@aws-sdk/types/-/types-3.974.6.tgz#e388d89a012ce70e60fef26174562f99285b1e95"
  integrity sha512-v/clNZzZnDxGyvpHMOGpJKVXFAExJzUNAAjaWGdcx8QAcXLGwTaOkw33p5SHAi0YAioK32xB3hWwOekRVfmfKg==
  dependencies:
    "@smithy/types" "^4.19.0"
    tslib "^2.6.2"

"@datadog/libdatadog-extras@^0.21.0":
  version "0.21.0"
  resolved "https://registry.yarnpkg.com/@datadog/libdatadog-extras/-/libdatadog-extras-0.21.0.tgz#4b29af59121015ca9a6bafbb60047d5c92120543"
  integrity sha512-VgAlNdNtilutWsEoDy6cAtn1iRLVQuj84lppjGlrwfvMwoCJ40B4pIttrZr0R7n01a6H83zv2SNt7SiH3smJRg==

"@datadog/libdatadog-wasm@0.21.0":
  version "0.21.0"
  resolved "https://registry.yarnpkg.com/@datadog/libdatadog-wasm/-/libdatadog-wasm-0.21.0.tgz#cf903154a91c0b1570f63424a86ad1d1aff0b489"
  integrity sha512-2wg5naOV+X7wyCNBJ/mRxE56fK22iz4ZwehzA/dSzuBO4/daNaVM6UgudRjkgXA9Pp0zEYcxmv4e1tNApQAEng==

"@datadog/libdatadog@^0.21.0":
  version "0.21.0"
  resolved "https://registry.yarnpkg.com/@datadog/libdatadog/-/libdatadog-0.21.0.tgz#2c9669f8f6444dc1cbb22272728ee26f26248872"
  integrity sha512-6JQVv7LGBYG6uiY2wtno5paqP/G1UFXK1tA4LZEt2Bc9AzbCMtO2yrs1VfYDzMyVaFSj0+6QLdR8Hu5DQUODmw==
  dependencies:
    "@datadog/libdatadog-wasm" "0.21.0"

"@datadog/native-appsec@11.0.2":
  version "11.0.2"
  resolved "https://registry.yarnpkg.com/@datadog/native-appsec/-/native-appsec-11.0.2.tgz#98eacb74e065280953f877238e336960a770a754"
  integrity sha512-Azs5fhwJx/BXHMnz+4PM2d9Is7Ik8uQPSM90nzvTCOcBYhSxuLhCY0EsDik/15CRknV9YoQrP1vmRrCVq3il5w==
  dependencies:
    node-gyp-build "^3.9.0"

"@datadog/native-iast-taint-tracking@4.2.1":
  version "4.2.1"
  resolved "https://registry.yarnpkg.com/@datadog/native-iast-taint-tracking/-/native-iast-taint-tracking-4.2.1.tgz#fe3fb18f0fdb05aa6812b41aba504acf36c6b3d3"
  integrity sha512-KRLu3aTXvyAusouAZGTw2w1Xo67cRTw93yG4C9vTMpIgN9FXiqhlcvtNHvUzaA/KRrwtNwbaUELubOtk/kxOFg==
  dependencies:
    node-gyp-build "^3.9.0"

"@datadog/native-metrics@4.0.0":
  version "4.0.0"
  resolved "https://registry.yarnpkg.com/@datadog/native-metrics/-/native-metrics-4.0.0.tgz#74f7d6cabc13d263bf6aeb3c1c5c41bbcc31073a"
  integrity sha512-rS6Qc8WAbOgbrtDYdqK15gi2xbuIEyfuquUH05g+2DOdiNAswNAGrlIuSdJZQF/qoJzjcFvxb9kCHu8BjiPfQQ==
  dependencies:
    node-addon-api "^6.1.0"
    node-gyp-build "^3.9.0"

"@datadog/pprof@5.18.1":
  version "5.18.1"
  resolved "https://registry.yarnpkg.com/@datadog/pprof/-/pprof-5.18.1.tgz#f37d7bbf4da338df9737b9620b61e5684dc4474c"
  integrity sha512-p8RnantBXCrcsT4pHvcdRtQzhqllls/t6yYb2j8hJrnnFcFfWO+u5WSdqLNxGFNjTEhfaFPu6TOoLhNk9iW9Lw==
  dependencies:
    node-gyp-build "^4.8.4"
    pprof-format "^2.3.1"
    source-map "^0.8.0"

"@datadog/wasm-js-rewriter@5.0.4":
  version "5.0.4"
  resolved "https://registry.yarnpkg.com/@datadog/wasm-js-rewriter/-/wasm-js-rewriter-5.0.4.tgz#6d0973cefd82ee5bea30c3aa4e3bcfdb35ef169f"
  integrity sha512-tSjbk51dkNzFMM3P/7y82tyrBj/9CWnPzcVb1JB8TUea/PIholdXSPuGC5F975YvvGB8KDujfmJIacN+EmuXMg==
  dependencies:
    js-yaml "^4.3.1"
    lru-cache "^7.14.0"
    module-details-from-path "^1.0.4"
    node-gyp-build "^4.8.4"

"@emnapi/core@1.10.0":
  version "1.10.0"
  resolved "https://registry.yarnpkg.com/@emnapi/core/-/core-1.10.0.tgz#380ccc8f2412ea22d1d972df7f8ee23a3b9c7467"
  integrity sha512-yq6OkJ4p82CAfPl0u9mQebQHKPJkY7WrIuk205cTYnYe+k2Z8YBh11FrbRG/H6ihirqcacOgl2BIO8oyMQLeXw==
  dependencies:
    "@emnapi/wasi-threads" "1.2.1"
    tslib "^2.4.0"

"@emnapi/runtime@1.10.0":
  version "1.10.0"
  resolved "https://registry.yarnpkg.com/@emnapi/runtime/-/runtime-1.10.0.tgz#4b260c0d3534204e98c6110b8db1a987d26ec87c"
  integrity sha512-ewvYlk86xUoGI0zQRNq/mC+16R1QeDlKQy21Ki3oSYXNgLb45GV1P6A0M+/s6nyCuNDqe5VpaY84BzXGwVbwFA==
  dependencies:
    tslib "^2.4.0"

"@emnapi/wasi-threads@1.2.1":
  version "1.2.1"
  resolved "https://registry.yarnpkg.com/@emnapi/wasi-threads/-/wasi-threads-1.2.1.tgz#28fed21a1ba1ce797c44a070abc94d42f3ae8548"
  integrity sha512-uTII7OYF+/Mes/MrcIOYp5yOtSMLBWSIoLPpcgwipoiKbli6k322tcoFsxoIIxPDqW01SQGAgko4EzZi2BNv2w==
  dependencies:
    tslib "^2.4.0"

"@napi-rs/wasm-runtime@^1.1.4":
  version "1.2.4"
  resolved "https://registry.yarnpkg.com/@napi-rs/wasm-runtime/-/wasm-runtime-1.2.4.tgz#ae38d9ea8483942054c5d82f00c0163374cd1e5f"
  integrity sha512-AJxoUD2/15ESHbvpcyjU274nsAPLuOtPHCk0vKJM5pj//Fg/B1FXNWjPnXTT9PymCYYiHo4zPj0ZomXBKhoy7g==
  dependencies:
    "@tybys/wasm-util" "^0.10.3"

"@opentelemetry/api-logs@<1.0.0":
  version "0.222.0"
  resolved "https://registry.yarnpkg.com/@opentelemetry/api-logs/-/api-logs-0.222.0.tgz#317519a857d01e16e1b0731e23f118c843023457"
  integrity sha512-9mb1If+IF6u0ZVXkHQ6ogEae5HwA6ajIVUgpSDQyRASxft6BSXHvBvPooRle3yFN/fKnCdSOnuu0OC3PLcF6+g==
  dependencies:
    "@opentelemetry/api" "^1.3.0"

"@opentelemetry/api@>=1.0.0 <1.10.0", "@opentelemetry/api@^1.3.0":
  version "1.9.1"
  resolved "https://registry.yarnpkg.com/@opentelemetry/api/-/api-1.9.1.tgz#c1b0346de336ba55af2d5a7970882037baedec05"
  integrity sha512-gLyJlPHPZYdAk1JENA9LeHejZe1Ti77/pTeFm/nMXmQH/HFZlcS/O2XJB+L8fkbrNSqhdtlvjBVjxwUYanNH5Q==

"@oxc-parser/binding-android-arm-eabi@0.132.0":
  version "0.132.0"
  resolved "https://registry.yarnpkg.com/@oxc-parser/binding-android-arm-eabi/-/binding-android-arm-eabi-0.132.0.tgz#f88d600252349b5e380e695cadf889cea896f676"
  integrity sha512-KrLaPWa5c9Y7LkW+rKkaUE3y7DBDrQtaf7rlsSDfv6KAHUjgzAIRA761Lrrp6//Yd/Rlie/yEOt9YENCoJnOcw==

"@oxc-parser/binding-android-arm64@0.132.0":
  version "0.132.0"
  resolved "https://registry.yarnpkg.com/@oxc-parser/binding-android-arm64/-/binding-android-arm64-0.132.0.tgz#ef91deec0305c54fa6c7b519f82da63d36b49788"
  integrity sha512-SThDrSeamB/kG2+NxcJ5/wSLcV6dUqDknrPLqFYQ0ST/55mtBP4M7Q/f3QbubH6aAd11wpzZn/nwbVRSdobOpg==

"@oxc-parser/binding-darwin-arm64@0.132.0":
  version "0.132.0"
  resolved "https://registry.yarnpkg.com/@oxc-parser/binding-darwin-arm64/-/binding-darwin-arm64-0.132.0.tgz#033a8f2789c3d09509ddd1a219dcbf2fd516125f"
  integrity sha512-Lc0f/TYoKBghE5/2Gsv7bLXk+TJZunx2Tf61X8hG4ARXdc8UYI26dCGccFSd1AyFbK3jfaNXtMnupggDbjPXdQ==

"@oxc-parser/binding-darwin-x64@0.132.0":
  version "0.132.0"
  resolved "https://registry.yarnpkg.com/@oxc-parser/binding-darwin-x64/-/binding-darwin-x64-0.132.0.tgz#56601549bad307fcee2b3e0756769e36598841f4"
  integrity sha512-RG2eJIpf7C21z9HSSXFw1bTArdpKe7Y4fwcJTwRq1yCSe1vSavaN9GA1sm9KqzemTLAGVktQ+7qBTGp0vQeUZg==

"@oxc-parser/binding-freebsd-x64@0.132.0":
  version "0.132.0"
  resolved "https://registry.yarnpkg.com/@oxc-parser/binding-freebsd-x64/-/binding-freebsd-x64-0.132.0.tgz#68140dd5670556fca3aa094f0cb7e706854b5967"
  integrity sha512-wQIPntPLtJ8NcBpvKPbEv3NqzV6k8eP8tP/jE9Rg8HTg/j7urZGFSsTCPCW5k77Qfw2DM4vRvc9p3I4yq/Shvw==

"@oxc-parser/binding-linux-arm-gnueabihf@0.132.0":
  version "0.132.0"
  resolved "https://registry.yarnpkg.com/@oxc-parser/binding-linux-arm-gnueabihf/-/binding-linux-arm-gnueabihf-0.132.0.tgz#84ef8af25ffb6172b02b1747bbbef668e09235c1"
  integrity sha512-PixKEpeSe3yxQWqNyOCBALRYc72+Tj7ILDofUl3iXo25cVOzLA6jHUhmOINRtWIPh7dbUie3QNeabwaQpZTw6w==

"@oxc-parser/binding-linux-arm-musleabihf@0.132.0":
  version "0.132.0"
  resolved "https://registry.yarnpkg.com/@oxc-parser/binding-linux-arm-musleabihf/-/binding-linux-arm-musleabihf-0.132.0.tgz#ca6a2dffed23143c9bcbefd8250832c71fdfb4d7"
  integrity sha512-sCR+DzGHlyHKnbA2z9zWjTUhIo8Sy0enJl4RDsBwPmkxYynPatpwOAWe8W5127SlW0boqUWHGtr1NWn5UwIhXQ==

"@oxc-parser/binding-linux-arm64-gnu@0.132.0":
  version "0.132.0"
  resolved "https://registry.yarnpkg.com/@oxc-parser/binding-linux-arm64-gnu/-/binding-linux-arm64-gnu-0.132.0.tgz#ed1a4718c61d05836015c8eac7395ffe74c3f94a"
  integrity sha512-sQBix5P2cW+IpzTcCwYxnh9yALrKSIkKJThspBvMGcygSMnbzkSvhN7SfuX1hvBk8y1XEChsdkU3ET0V5DmzUw==

"@oxc-parser/binding-linux-arm64-musl@0.132.0":
  version "0.132.0"
  resolved "https://registry.yarnpkg.com/@oxc-parser/binding-linux-arm64-musl/-/binding-linux-arm64-musl-0.132.0.tgz#ae32a94bb666604728fa48c568ced5bb270d1819"
  integrity sha512-WozHg3Kc//8Sk756HXXgMbEAvqtG+Lzb9JOojwQzIGDtN78Az2dLttkb71akWYUF/8IgYfDSlfKh4Uot8is5Vw==

"@oxc-parser/binding-linux-ppc64-gnu@0.132.0":
  version "0.132.0"
  resolved "https://registry.yarnpkg.com/@oxc-parser/binding-linux-ppc64-gnu/-/binding-linux-ppc64-gnu-0.132.0.tgz#0de7511156b2b5d7d4fc3574ab3badd93a07c1ae"
  integrity sha512-CmX/ulNBOEwWTyVRmcpYKAcAizW6+OjtLJgo7fXoL9OqQvjF4VER8tPomv44vwzfSCy1BHbsB0ZlZYzYJNj4cA==

"@oxc-parser/binding-linux-riscv64-gnu@0.132.0":
  version "0.132.0"
  resolved "https://registry.yarnpkg.com/@oxc-parser/binding-linux-riscv64-gnu/-/binding-linux-riscv64-gnu-0.132.0.tgz#9a4a3b3261b6ada598b65adc4521581c45aa1003"
  integrity sha512-j9oQS+hM90SdhviNGWbPgT4+Rlq+ac++q/zjgwPD1mVHgxHzATvoRGtDx0sXGmFOQ9J9YkwAhYGb5MAHL6TAsA==

"@oxc-parser/binding-linux-riscv64-musl@0.132.0":
  version "0.132.0"
  resolved "https://registry.yarnpkg.com/@oxc-parser/binding-linux-riscv64-musl/-/binding-linux-riscv64-musl-0.132.0.tgz#e55c1d671e41617f27535216483ccc01f1ff4a5e"
  integrity sha512-bLz+Xi+Agnfmd7kWPEsSVwCn2k4EyIalZkNBcQ0OGIv9rqn8VgCPLNd03tM9mKX/5TdlvDXalz0q71BIrOPNqg==

"@oxc-parser/binding-linux-s390x-gnu@0.132.0":
  version "0.132.0"
  resolved "https://registry.yarnpkg.com/@oxc-parser/binding-linux-s390x-gnu/-/binding-linux-s390x-gnu-0.132.0.tgz#2e4b692103d8ee745990c7ed5fd023387e6c93d9"
  integrity sha512-U6t2qbJU0ypTfyj9QV3W1Y6mITDTL8ai/OR6NUn85vyHthOvobKWgXzU4tu0EskSzlpuVFz1g0jFGulDIUKHxQ==

"@oxc-parser/binding-linux-x64-gnu@0.132.0":
  version "0.132.0"
  resolved "https://registry.yarnpkg.com/@oxc-parser/binding-linux-x64-gnu/-/binding-linux-x64-gnu-0.132.0.tgz#2ba1d08aeaed17247dac4cb5b9a3bc83b7bd7501"
  integrity sha512-WcEaSNHFk8yz5YFlQQAlhq6jOFmZBB/RKE7uzhyCIf+pF1Lmv9gUH4221mle2Gd9iHyWT3ySNph8yZgb1xYdWg==

"@oxc-parser/binding-linux-x64-musl@0.132.0":
  version "0.132.0"
  resolved "https://registry.yarnpkg.com/@oxc-parser/binding-linux-x64-musl/-/binding-linux-x64-musl-0.132.0.tgz#677889452adb283e791798faf70af0627bd493ad"
  integrity sha512-iQrV4iJzQgRwK3BWRmQl1C3C6g3wYpXN2WLdQdyR+efoUnncdShZAVp9OgcojtlD3MDRbuOMGG3SjxF4fL4nlQ==

"@oxc-parser/binding-openharmony-arm64@0.132.0":
  version "0.132.0"
  resolved "https://registry.yarnpkg.com/@oxc-parser/binding-openharmony-arm64/-/binding-openharmony-arm64-0.132.0.tgz#2928bbd0f815a7bf11a86b1bccfb0f352b92a7b3"
  integrity sha512-FWzmUGrZ6GUby4U7WIwcCtab6tdmlTO3xTRRKyb5kjIJVEiaUAT8animUG/nK8ZCA8gkRkPOTId4rl6uTqUmJQ==

"@oxc-parser/binding-wasm32-wasi@0.132.0":
  version "0.132.0"
  resolved "https://registry.yarnpkg.com/@oxc-parser/binding-wasm32-wasi/-/binding-wasm32-wasi-0.132.0.tgz#37df389cce33c8664763a402853a73559b882ce2"
  integrity sha512-TlbMppxJI5CjWDes0QaP6G3aneVg1yikBu5QYI+DUShF9WDL66ccgKFNNGmi/Wybtszw6hxwAvv76T4DaPKnHw==
  dependencies:
    "@emnapi/core" "1.10.0"
    "@emnapi/runtime" "1.10.0"
    "@napi-rs/wasm-runtime" "^1.1.4"

"@oxc-parser/binding-win32-arm64-msvc@0.132.0":
  version "0.132.0"
  resolved "https://registry.yarnpkg.com/@oxc-parser/binding-win32-arm64-msvc/-/binding-win32-arm64-msvc-0.132.0.tgz#b1a0913ad2545c30f498ba181c05de3898240976"
  integrity sha512-RH/NbFjGKqdUAUi7Oh3LQPxUk2hsWFEEQ38HSnbRQT8QjBZFKqL1fMbmsB3N4jy/KPh9iX94+9dmkEMBBbambw==

"@oxc-parser/binding-win32-ia32-msvc@0.132.0":
  version "0.132.0"
  resolved "https://registry.yarnpkg.com/@oxc-parser/binding-win32-ia32-msvc/-/binding-win32-ia32-msvc-0.132.0.tgz#13964f4b59671f7235f4f85866ab3db6e4afd6c5"
  integrity sha512-JUr4jQY9jxoIB/YTLXr6XofSi5xikj6p5/Ns1h0VOBDT0j1jKU+kMsv2xxv51RwnETcXpA1Yw/9oUAfcqfaqEA==

"@oxc-parser/binding-win32-x64-msvc@0.132.0":
  version "0.132.0"
  resolved "https://registry.yarnpkg.com/@oxc-parser/binding-win32-x64-msvc/-/binding-win32-x64-msvc-0.132.0.tgz#468339fb08809ddb856f3bc51db718790fb51f05"
  integrity sha512-2dapgHpA5X8DSXF4AU36hJWYf6zP0tKjMXFRAZFBD62pkevW/uhFDXoFH9Y/3Fd2EtDrw5ByNnR1wVE9X9y0SQ==

"@oxc-project/types@^0.132.0":
  version "0.132.0"
  resolved "https://registry.yarnpkg.com/@oxc-project/types/-/types-0.132.0.tgz#d77243df4fe1a0a1e60e12ac6240fa898d2363ff"
  integrity sha512-FESMOxil5Se014ui/Eq8fT5uHJo6nIRwH0PfJrZJXs6Gek3ZVFOrpUv3YIZT20m+extU98Hg1Ym72U58rlsxUQ==

"@smithy/is-array-buffer@^2.2.0":
  version "2.2.0"
  resolved "https://registry.yarnpkg.com/@smithy/is-array-buffer/-/is-array-buffer-2.2.0.tgz#f84f0d9f9a36601a9ca9381688bd1b726fd39111"
  integrity sha512-GGP3O9QFD24uGeAXYUjwSTXARoqpZykHadOmA8G5vfJPK0/DC67qa//0qvqrJzL1xc8WQWX7/yc7fwudjPHPhA==
  dependencies:
    tslib "^2.6.2"

"@smithy/types@^4.11.0", "@smithy/types@^4.19.0":
  version "4.19.0"
  resolved "https://registry.yarnpkg.com/@smithy/types/-/types-4.19.0.tgz#a0dd9c9d7b2a070fc7c3d69efedea8404b3646be"
  integrity sha512-r7jh49VJxGerfAcTQA6gXcKc+98zOp/tqRwzYjgOE+iSQsP6cEU1hq2QzbuipmP68QtYdY9wKEhiCQZIzHgZ4Q==
  dependencies:
    tslib "^2.6.2"

"@smithy/util-buffer-from@^2.2.0":
  version "2.2.0"
  resolved "https://registry.yarnpkg.com/@smithy/util-buffer-from/-/util-buffer-from-2.2.0.tgz#6fc88585165ec73f8681d426d96de5d402021e4b"
  integrity sha512-IJdWBbTcMQ6DA0gdNhh/BwrLkDR+ADW5Kr1aZmd4k3DIF6ezMV4R2NIAmT08wQJ3yUK82thHWmC/TnK/wpMMIA==
  dependencies:
    "@smithy/is-array-buffer" "^2.2.0"
    tslib "^2.6.2"

"@smithy/util-utf8@^2.0.0":
  version "2.3.0"
  resolved "https://registry.yarnpkg.com/@smithy/util-utf8/-/util-utf8-2.3.0.tgz#dd96d7640363259924a214313c3cf16e7dd329c5"
  integrity sha512-R8Rdn8Hy72KKcebgLiv8jQcQkXoLMOGGv5uI1/k0l+snqkOzQ1R0ChUBCxWMlBsFMekWjq0wRudIweFs7sKT5A==
  dependencies:
    "@smithy/util-buffer-from" "^2.2.0"
    tslib "^2.6.2"

"@tybys/wasm-util@^0.10.3":
  version "0.10.4"
  resolved "https://registry.yarnpkg.com/@tybys/wasm-util/-/wasm-util-0.10.4.tgz#3e85ecb266f9d1722250e89bc69528615720b154"
  integrity sha512-W3c4gRigFS0T/Ma4qIYF3GDAc5AQdHb1yL5znJT1Zv1YaD9Kitx656wBjvr19qbiosmZT8lWDM5BEMynUqX65A==
  dependencies:
    tslib "^2.4.0"

argparse@^2.0.1:
  version "2.0.1"
  resolved "https://registry.yarnpkg.com/argparse/-/argparse-2.0.1.tgz#246f50f3ca78a3240f6c997e8a9bd1eac49e4b38"
  integrity sha512-8+9WqebbFzpX9OR+Wa6O29asIogeRMzcGtAINdpMHHyAg10f05aSFVBbcEqGf/PXw1EjAZ+q2/bEBg3DvurK3Q==

cjs-module-lexer@^2.2.0:
  version "2.2.1"
  resolved "https://registry.yarnpkg.com/cjs-module-lexer/-/cjs-module-lexer-2.2.1.tgz#ab35b03c56ade05fe170c70e67ae89f60666847c"
  integrity sha512-Ca8swihM+/4yKecYHY52kgJd300hi2lADU/a1RxNTRe+RJ9jvqQlESpbz9DnG9mowez8qwXHB8qYdIUw9e+F5Q==

"datadog-lambda-js@file:datadog-lambda-js-12.143.0.tgz":
  version "12.143.0"
  resolved "file:datadog-lambda-js-12.143.0.tgz#c21197f098aa135049f9a16c41d55a58ff25e03f"
  dependencies:
    "@aws-crypto/sha256-js" "5.2.0"
    "@aws-sdk/types" "3.965.0"
    dc-polyfill "^0.1.11"
    promise-retry "^2.0.1"
    serialize-error "^8.1.0"
    shimmer "1.2.1"

dc-polyfill@^0.1.11:
  version "0.1.11"
  resolved "https://registry.yarnpkg.com/dc-polyfill/-/dc-polyfill-0.1.11.tgz#3efa792147f3b5224b8a9274905b1e98fe82a856"
  integrity sha512-TyyeGcjx0YeThAI9fTFtgsvj5qd4R+aGfVmXiUhevbgzWFDr7IK4tv4YjE6jaGzLHQTchk4h7DHdr5q4WGgaZw==

dd-trace@6.15.0:
  version "6.15.0"
  resolved "https://registry.yarnpkg.com/dd-trace/-/dd-trace-6.15.0.tgz#3c2434acb5b0fa28d37c938a1552684a10d90e26"
  integrity sha512-AuOnUVMXba0UumQurgt1h3bId/Kh9avNcDP25cUhQkx9DXk5xBw2IPZOuAIB3vQfjtpJiTPxosuXegqt/tkV+A==
  dependencies:
    dc-polyfill "^0.1.11"
    import-in-the-middle "^3.3.2"
    opentracing ">=0.14.7"
  optionalDependencies:
    "@datadog/libdatadog" "^0.21.0"
    "@datadog/libdatadog-extras" "^0.21.0"
    "@datadog/native-appsec" "11.0.2"
    "@datadog/native-iast-taint-tracking" "4.2.1"
    "@datadog/native-metrics" "4.0.0"
    "@datadog/pprof" "5.18.1"
    "@datadog/wasm-js-rewriter" "5.0.4"
    "@opentelemetry/api" ">=1.0.0 <1.10.0"
    "@opentelemetry/api-logs" "<1.0.0"
    oxc-parser "^0.132.0"

err-code@^2.0.2:
  version "2.0.3"
  resolved "https://registry.yarnpkg.com/err-code/-/err-code-2.0.3.tgz#23c2f3b756ffdfc608d30e27c9a941024807e7f9"
  integrity sha512-2bmlRpNKBxT/CRmPOlyISQpNj+qSeYvcym/uT0Jx2bMOlKLtSy1ZmLuVxSEKKyor/N5yhvp/ZiG1oE3DEYMSFA==

es-module-lexer@^3.0.2:
  version "3.0.2"
  resolved "https://registry.yarnpkg.com/es-module-lexer/-/es-module-lexer-3.0.2.tgz#8cc09097dd80a9cbb79437fd405b935cac76cda3"
  integrity sha512-BuIB67FngDSyQ/dpQNOZybwdEBDUGJQvOqwWr4ha/ufYiqzuEwPkKO2zLhRAgay28tStRIHUeWmszZAJo3GCOg==

import-in-the-middle@^3.3.2:
  version "3.5.1"
  resolved "https://registry.yarnpkg.com/import-in-the-middle/-/import-in-the-middle-3.5.1.tgz#74fc490851751005dc2f776a87bc8a075904b474"
  integrity sha512-mPKuL8bPQzecui2KK6Gb+M8JvJoHnhS1FeYGa22QopBmlevF5F0FE6ued/B5EgHDeIoMTONIpDWWFKUPOG0DBQ==
  dependencies:
    cjs-module-lexer "^2.2.0"
    es-module-lexer "^3.0.2"
    module-details-from-path "^1.0.4"

js-yaml@^4.3.1:
  version "4.3.2"
  resolved "https://registry.yarnpkg.com/js-yaml/-/js-yaml-4.3.2.tgz#8e44fb14a2643c59726bb15787b5f1512cb3d3fb"
  integrity sha512-SFNOvSJ+Dgf/9An904Yx+CgSlIPCkIpao4qo51lpee25TIRejdH3rhR4EZMGoNx3/TP3O+wzWuiTFl4sqbltzA==
  dependencies:
    argparse "^2.0.1"

lru-cache@^7.14.0:
  version "7.18.3"
  resolved "https://registry.yarnpkg.com/lru-cache/-/lru-cache-7.18.3.tgz#f793896e0fd0e954a59dfdd82f0773808df6aa89"
  integrity sha512-jumlc0BIUrS3qJGgIkWZsyfAM7NCWiBcCDhnd+3NNM5KbBmLTgHVfWBcg6W+rLUsIpzpERPsvwUP7CckAQSOoA==

module-details-from-path@^1.0.4:
  version "1.0.4"
  resolved "https://registry.yarnpkg.com/module-details-from-path/-/module-details-from-path-1.0.4.tgz#b662fdcd93f6c83d3f25289da0ce81c8d9685b94"
  integrity sha512-EGWKgxALGMgzvxYF1UyGTy0HXX/2vHLkw6+NvDKW2jypWbHpjQuj4UMcqQWXHERJhVGKikolT06G3bcKe4fi7w==

node-addon-api@^6.1.0:
  version "6.1.0"
  resolved "https://registry.yarnpkg.com/node-addon-api/-/node-addon-api-6.1.0.tgz#ac8470034e58e67d0c6f1204a18ae6995d9c0d76"
  integrity sha512-+eawOlIgy680F0kBzPUNFhMZGtJ1YmqM6l4+Crf4IkImjYrO/mqPwRMh352g23uIaQKFItcQ64I7KMaJxHgAVA==

node-gyp-build@^3.9.0:
  version "3.9.0"
  resolved "https://registry.yarnpkg.com/node-gyp-build/-/node-gyp-build-3.9.0.tgz#53a350187dd4d5276750da21605d1cb681d09e25"
  integrity sha512-zLcTg6P4AbcHPq465ZMFNXx7XpKKJh+7kkN699NiQWisR2uWYOWNWqRHAmbnmKiL4e9aLSlmy5U7rEMUXV59+A==

node-gyp-build@^4.8.4:
  version "4.8.4"
  resolved "https://registry.yarnpkg.com/node-gyp-build/-/node-gyp-build-4.8.4.tgz#8a70ee85464ae52327772a90d66c6077a900cfc8"
  integrity sha512-LA4ZjwlnUblHVgq0oBF3Jl/6h/Nvs5fzBLwdEF4nuxnFdsfajde4WfxtJr3CaiH+F6ewcIB/q4jQ4UzPyid+CQ==

opentracing@>=0.14.7:
  version "0.14.7"
  resolved "https://registry.yarnpkg.com/opentracing/-/opentracing-0.14.7.tgz#25d472bd0296dc0b64d7b94cbc995219031428f5"
  integrity sha512-vz9iS7MJ5+Bp1URw8Khvdyw1H/hGvzHWlKQ7eRrQojSCDL1/SrWfrY9QebLw97n2deyRtzHRC3MkQfVNUCo91Q==

oxc-parser@^0.132.0:
  version "0.132.0"
  resolved "https://registry.yarnpkg.com/oxc-parser/-/oxc-parser-0.132.0.tgz#4f0ffad5ccfd0235a8ba79f7e6fc988be6f45476"
  integrity sha512-+0LAPHaqtfQlvWdpaAa09SmOaZZgP8C552xosEkGJ4+ruEwP1Vgx+sqBgcBCNfR6KDCmagGOZTde8wmAvcI/Hg==
  dependencies:
    "@oxc-project/types" "^0.132.0"
  optionalDependencies:
    "@oxc-parser/binding-android-arm-eabi" "0.132.0"
    "@oxc-parser/binding-android-arm64" "0.132.0"
    "@oxc-parser/binding-darwin-arm64" "0.132.0"
    "@oxc-parser/binding-darwin-x64" "0.132.0"
    "@oxc-parser/binding-freebsd-x64" "0.132.0"
    "@oxc-parser/binding-linux-arm-gnueabihf" "0.132.0"
    "@oxc-parser/binding-linux-arm-musleabihf" "0.132.0"
    "@oxc-parser/binding-linux-arm64-gnu" "0.132.0"
    "@oxc-parser/binding-linux-arm64-musl" "0.132.0"
    "@oxc-parser/binding-linux-ppc64-gnu" "0.132.0"
    "@oxc-parser/binding-linux-riscv64-gnu" "0.132.0"
    "@oxc-parser/binding-linux-riscv64-musl" "0.132.0"
    "@oxc-parser/binding-linux-s390x-gnu" "0.132.0"
    "@oxc-parser/binding-linux-x64-gnu" "0.132.0"
    "@oxc-parser/binding-linux-x64-musl" "0.132.0"
    "@oxc-parser/binding-openharmony-arm64" "0.132.0"
    "@oxc-parser/binding-wasm32-wasi" "0.132.0"
    "@oxc-parser/binding-win32-arm64-msvc" "0.132.0"
    "@oxc-parser/binding-win32-ia32-msvc" "0.132.0"
    "@oxc-parser/binding-win32-x64-msvc" "0.132.0"

pprof-format@^2.3.1:
  version "2.3.1"
  resolved "https://registry.yarnpkg.com/pprof-format/-/pprof-format-2.3.1.tgz#990201155cf6d720bfbf5e50f2def3b77c004843"
  integrity sha512-y51Z83qG2vEQBACPu6lkGFREVkHwQaCaNDdSFEMLIqSo3bmpADsbP6J3F2SSk7tYB741oTQ9Kt5YAdQsmiCRkA==

promise-retry@^2.0.1:
  version "2.0.1"
  resolved "https://registry.yarnpkg.com/promise-retry/-/promise-retry-2.0.1.tgz#ff747a13620ab57ba688f5fc67855410c370da22"
  integrity sha512-y+WKFlBR8BGXnsNlIHFGPZmyDf3DFMoLhaflAnyZgV6rG6xu+JwesTo2Q9R6XwYmtmwAFCkAk3e35jEdoeh/3g==
  dependencies:
    err-code "^2.0.2"
    retry "^0.12.0"

retry@^0.12.0:
  version "0.12.0"
  resolved "https://registry.yarnpkg.com/retry/-/retry-0.12.0.tgz#1b42a6266a21f07421d1b0b54b7dc167b01c013b"
  integrity sha512-9LkiTwjUh6rT555DtE9rTX+BKByPfrMzEAtnlEtdEwr3Nkffwiihqe2bWADg+OQRjt9gl6ICdmB/ZFDCGAtSow==

serialize-error@^8.1.0:
  version "8.1.0"
  resolved "https://registry.yarnpkg.com/serialize-error/-/serialize-error-8.1.0.tgz#3a069970c712f78634942ddd50fbbc0eaebe2f67"
  integrity sha512-3NnuWfM6vBYoy5gZFvHiYsVbafvI9vZv/+jlIigFn4oP4zjNPK3LhcY0xSCgeb1a5L8jO71Mit9LlNoi2UfDDQ==
  dependencies:
    type-fest "^0.20.2"

shimmer@1.2.1:
  version "1.2.1"
  resolved "https://registry.yarnpkg.com/shimmer/-/shimmer-1.2.1.tgz#610859f7de327b587efebf501fb43117f9aff337"
  integrity sha512-sQTKC1Re/rM6XyFM6fIAGHRPVGvyXfgzIDvzoq608vM+jeyVD0Tu1E6Np0Kc2zAIFWIj963V2800iF/9LPieQw==

source-map@^0.8.0:
  version "0.8.0"
  resolved "https://registry.yarnpkg.com/source-map/-/source-map-0.8.0.tgz#72b9006383bd9fc70d52e435c91c2d73249c60a4"
  integrity sha512-d8EqvL+k/SOXCreS/SUzg2ciyHqBBLcN/yuRjFsbvVhHTE2pgei7oAhmPM7kWFbkX6OSMQfUq4KbkF3au9lhYQ==

tslib@^2.4.0, tslib@^2.6.2:
  version "2.8.1"
  resolved "https://registry.yarnpkg.com/tslib/-/tslib-2.8.1.tgz#612efe4ed235d567e8aba5f2a5fab70280ade83f"
  integrity sha512-oJFu94HQb+KVduSUQL7wnpmqnfmLsOA/nAh6b6EH0wCEoK0/mPeXU6c3wKDV83MkOuHPRHtSXKKU99IBazS/2w==

type-fest@^0.20.2:
  version "0.20.2"
  resolved "https://registry.yarnpkg.com/type-fest/-/type-fest-0.20.2.tgz#1bf207f4b28f91583666cb5fbd327887301cd5f4"
  integrity sha512-Ne+eE4r0/iWnpAxD852z3A+N0Bt5RN//NjJwRd2VFHEmrywxf5vsZlh4R6lixl6B+wz/8d+maTSAkN1FIkI3LQ==
